// !$*UTF8*$!
{
	archiveVersion = 1;
	classes = {
	};
	objectVersion = 55;
	objects = {

/* Begin PBXBuildFile section */
		314445DA5BC0CFE61C8A82FB /* Pods_Running_Journal.framework in Frameworks */ = {isa = PBXBuildFile; fileRef = 7389A95AA705D0D22E90911F /* Pods_Running_Journal.framework */; };
		CC3B3C109E561D3125ACCB77 /* Pods_Running_Journal_Running_JournalUITests.framework in Frameworks */ = {isa = PBXBuildFile; fileRef = 4095CFD6C8B9C7E06D9CD7D9 /* Pods_Running_Journal_Running_JournalUITests.framework */; };
		D30A1D4C28ADF75700DA2692 /* AppDelegate.swift in Sources */ = {isa = PBXBuildFile; fileRef = D30A1D4B28ADF75700DA2692 /* AppDelegate.swift */; };
		D30A1D4E28ADF75700DA2692 /* SceneDelegate.swift in Sources */ = {isa = PBXBuildFile; fileRef = D30A1D4D28ADF75700DA2692 /* SceneDelegate.swift */; };
		D30A1D5328ADF75700DA2692 /* Main.storyboard in Resources */ = {isa = PBXBuildFile; fileRef = D30A1D5128ADF75700DA2692 /* Main.storyboard */; };
		D30A1D5628ADF75700DA2692 /* Running_Journal.xcdatamodeld in Sources */ = {isa = PBXBuildFile; fileRef = D30A1D5428ADF75700DA2692 /* Running_Journal.xcdatamodeld */; };
		D30A1D5828ADF75F00DA2692 /* Assets.xcassets in Resources */ = {isa = PBXBuildFile; fileRef = D30A1D5728ADF75F00DA2692 /* Assets.xcassets */; };
		D30A1D5B28ADF75F00DA2692 /* LaunchScreen.storyboard in Resources */ = {isa = PBXBuildFile; fileRef = D30A1D5928ADF75F00DA2692 /* LaunchScreen.storyboard */; };
		D30A1D6628ADF76000DA2692 /* Running_JournalTests.swift in Sources */ = {isa = PBXBuildFile; fileRef = D30A1D6528ADF76000DA2692 /* Running_JournalTests.swift */; };
		D30A1D7028ADF76000DA2692 /* Running_JournalUITests.swift in Sources */ = {isa = PBXBuildFile; fileRef = D30A1D6F28ADF76000DA2692 /* Running_JournalUITests.swift */; };
		D30A1D7228ADF76000DA2692 /* Running_JournalUITestsLaunchTests.swift in Sources */ = {isa = PBXBuildFile; fileRef = D30A1D7128ADF76000DA2692 /* Running_JournalUITestsLaunchTests.swift */; };
		D30A1D8328AE01A200DA2692 /* NotificationsVC.swift in Sources */ = {isa = PBXBuildFile; fileRef = D30A1D8228AE01A200DA2692 /* NotificationsVC.swift */; };
		D329767928D0126800BBEDA1 /* ViewRunInfoVC.swift in Sources */ = {isa = PBXBuildFile; fileRef = D329767828D0126800BBEDA1 /* ViewRunInfoVC.swift */; };
		D38F2A4C28D801FF00CA53B5 /* SettingsVC.swift in Sources */ = {isa = PBXBuildFile; fileRef = D38F2A4B28D801FF00CA53B5 /* SettingsVC.swift */; };
		D38F2A4E28D94B3600CA53B5 /* K.swift in Sources */ = {isa = PBXBuildFile; fileRef = D38F2A4D28D94B3500CA53B5 /* K.swift */; };
		D392D83728AE0454005C830B /* TabBarController.swift in Sources */ = {isa = PBXBuildFile; fileRef = D392D83628AE0454005C830B /* TabBarController.swift */; };
		D392D83A28AE0745005C830B /* PastRunsVC.swift in Sources */ = {isa = PBXBuildFile; fileRef = D392D83928AE0745005C830B /* PastRunsVC.swift */; };
		D392D83C28AE0757005C830B /* SharingVC.swift in Sources */ = {isa = PBXBuildFile; fileRef = D392D83B28AE0757005C830B /* SharingVC.swift */; };
		D392D83F28B25480005C830B /* AddRunHelpers.swift in Sources */ = {isa = PBXBuildFile; fileRef = D392D83E28B25480005C830B /* AddRunHelpers.swift */; };
		D39EBDEB28B3A5DC00279F40 /* AddRunInfoVC.swift in Sources */ = {isa = PBXBuildFile; fileRef = D39EBDEA28B3A5DC00279F40 /* AddRunInfoVC.swift */; };
		D39EBDEF28B4F9A800279F40 /* AutoKeyboardScrollView.swift in Sources */ = {isa = PBXBuildFile; fileRef = D39EBDEE28B4F9A700279F40 /* AutoKeyboardScrollView.swift */; };
		D3A95B9128B87A6C00037060 /* Pt2AddRunInfoVC.swift in Sources */ = {isa = PBXBuildFile; fileRef = D3A95B9028B87A6C00037060 /* Pt2AddRunInfoVC.swift */; };
		D3C109EA28BE57F900A48C05 /* Pt3AddRunInfoVC.swift in Sources */ = {isa = PBXBuildFile; fileRef = D3C109E928BE57F900A48C05 /* Pt3AddRunInfoVC.swift */; };
		D3CA2EFB28DBF53000ED207F /* ShoesViewController.swift in Sources */ = {isa = PBXBuildFile; fileRef = D3CA2EFA28DBF52F00ED207F /* ShoesViewController.swift */; };
		D3EA4F0428CD01EB005127B1 /* UnitConversions.swift in Sources */ = {isa = PBXBuildFile; fileRef = D3EA4F0328CD01EB005127B1 /* UnitConversions.swift */; };
		D3EA4F0628CD08F0005127B1 /* runCell.swift in Sources */ = {isa = PBXBuildFile; fileRef = D3EA4F0528CD08EF005127B1 /* runCell.swift */; };
		E1E8EF44A1FF954909F975B3 /* Pods_Running_JournalTests.framework in Frameworks */ = {isa = PBXBuildFile; fileRef = FC18EDD68BFB6CF438A93FDC /* Pods_Running_JournalTests.framework */; };
/* End PBXBuildFile section */

/* Begin PBXContainerItemProxy section */
		D30A1D6228ADF76000DA2692 /* PBXContainerItemProxy */ = {
			isa = PBXContainerItemProxy;
			containerPortal = D30A1D4028ADF75700DA2692 /* Project object */;
			proxyType = 1;
			remoteGlobalIDString = D30A1D4728ADF75700DA2692;
			remoteInfo = "Running Journal";
		};
		D30A1D6C28ADF76000DA2692 /* PBXContainerItemProxy */ = {
			isa = PBXContainerItemProxy;
			containerPortal = D30A1D4028ADF75700DA2692 /* Project object */;
			proxyType = 1;
			remoteGlobalIDString = D30A1D4728ADF75700DA2692;
			remoteInfo = "Running Journal";
		};
/* End PBXContainerItemProxy section */

/* Begin PBXFileReference section */
		090C412493A789E2585086C5 /* Pods-Running Journal-Running JournalUITests.release.xcconfig */ = {isa = PBXFileReference; includeInIndex = 1; lastKnownFileType = text.xcconfig; name = "Pods-Running Journal-Running JournalUITests.release.xcconfig"; path = "Target Support Files/Pods-Running Journal-Running JournalUITests/Pods-Running Journal-Running JournalUITests.release.xcconfig"; sourceTree = "<group>"; };
		2BA404AE833031EE9296CCEC /* Pods-Running JournalTests.release.xcconfig */ = {isa = PBXFileReference; includeInIndex = 1; lastKnownFileType = text.xcconfig; name = "Pods-Running JournalTests.release.xcconfig"; path = "Target Support Files/Pods-Running JournalTests/Pods-Running JournalTests.release.xcconfig"; sourceTree = "<group>"; };
		4095CFD6C8B9C7E06D9CD7D9 /* Pods_Running_Journal_Running_JournalUITests.framework */ = {isa = PBXFileReference; explicitFileType = wrapper.framework; includeInIndex = 0; path = Pods_Running_Journal_Running_JournalUITests.framework; sourceTree = BUILT_PRODUCTS_DIR; };
		6132070228DC0FDA1FCEAF9B /* Pods-Running Journal-Running JournalUITests.debug.xcconfig */ = {isa = PBXFileReference; includeInIndex = 1; lastKnownFileType = text.xcconfig; name = "Pods-Running Journal-Running JournalUITests.debug.xcconfig"; path = "Target Support Files/Pods-Running Journal-Running JournalUITests/Pods-Running Journal-Running JournalUITests.debug.xcconfig"; sourceTree = "<group>"; };
		7389A95AA705D0D22E90911F /* Pods_Running_Journal.framework */ = {isa = PBXFileReference; explicitFileType = wrapper.framework; includeInIndex = 0; path = Pods_Running_Journal.framework; sourceTree = BUILT_PRODUCTS_DIR; };
		8A3192F8C2767A74CECFF3D8 /* Pods-Running JournalTests.debug.xcconfig */ = {isa = PBXFileReference; includeInIndex = 1; lastKnownFileType = text.xcconfig; name = "Pods-Running JournalTests.debug.xcconfig"; path = "Target Support Files/Pods-Running JournalTests/Pods-Running JournalTests.debug.xcconfig"; sourceTree = "<group>"; };
		B3525F58DACB15C3D9EB4E9B /* Pods-Running Journal.release.xcconfig */ = {isa = PBXFileReference; includeInIndex = 1; lastKnownFileType = text.xcconfig; name = "Pods-Running Journal.release.xcconfig"; path = "Target Support Files/Pods-Running Journal/Pods-Running Journal.release.xcconfig"; sourceTree = "<group>"; };
		D30A1D4828ADF75700DA2692 /* Running Journal.app */ = {isa = PBXFileReference; explicitFileType = wrapper.application; includeInIndex = 0; path = "Running Journal.app"; sourceTree = BUILT_PRODUCTS_DIR; };
		D30A1D4B28ADF75700DA2692 /* AppDelegate.swift */ = {isa = PBXFileReference; lastKnownFileType = sourcecode.swift; path = AppDelegate.swift; sourceTree = "<group>"; };
		D30A1D4D28ADF75700DA2692 /* SceneDelegate.swift */ = {isa = PBXFileReference; lastKnownFileType = sourcecode.swift; path = SceneDelegate.swift; sourceTree = "<group>"; };
		D30A1D5228ADF75700DA2692 /* Base */ = {isa = PBXFileReference; lastKnownFileType = file.storyboard; name = Base; path = Base.lproj/Main.storyboard; sourceTree = "<group>"; };
		D30A1D5528ADF75700DA2692 /* Running_Journal.xcdatamodel */ = {isa = PBXFileReference; lastKnownFileType = wrapper.xcdatamodel; path = Running_Journal.xcdatamodel; sourceTree = "<group>"; };
		D30A1D5728ADF75F00DA2692 /* Assets.xcassets */ = {isa = PBXFileReference; lastKnownFileType = folder.assetcatalog; path = Assets.xcassets; sourceTree = "<group>"; };
		D30A1D5A28ADF75F00DA2692 /* Base */ = {isa = PBXFileReference; lastKnownFileType = file.storyboard; name = Base; path = Base.lproj/LaunchScreen.storyboard; sourceTree = "<group>"; };
		D30A1D5C28ADF75F00DA2692 /* Info.plist */ = {isa = PBXFileReference; lastKnownFileType = text.plist.xml; path = Info.plist; sourceTree = "<group>"; };
		D30A1D6128ADF76000DA2692 /* Running JournalTests.xctest */ = {isa = PBXFileReference; explicitFileType = wrapper.cfbundle; includeInIndex = 0; path = "Running JournalTests.xctest"; sourceTree = BUILT_PRODUCTS_DIR; };
		D30A1D6528ADF76000DA2692 /* Running_JournalTests.swift */ = {isa = PBXFileReference; lastKnownFileType = sourcecode.swift; path = Running_JournalTests.swift; sourceTree = "<group>"; };
		D30A1D6B28ADF76000DA2692 /* Running JournalUITests.xctest */ = {isa = PBXFileReference; explicitFileType = wrapper.cfbundle; includeInIndex = 0; path = "Running JournalUITests.xctest"; sourceTree = BUILT_PRODUCTS_DIR; };
		D30A1D6F28ADF76000DA2692 /* Running_JournalUITests.swift */ = {isa = PBXFileReference; lastKnownFileType = sourcecode.swift; path = Running_JournalUITests.swift; sourceTree = "<group>"; };
		D30A1D7128ADF76000DA2692 /* Running_JournalUITestsLaunchTests.swift */ = {isa = PBXFileReference; lastKnownFileType = sourcecode.swift; path = Running_JournalUITestsLaunchTests.swift; sourceTree = "<group>"; };
		D30A1D8228AE01A200DA2692 /* NotificationsVC.swift */ = {isa = PBXFileReference; lastKnownFileType = sourcecode.swift; path = NotificationsVC.swift; sourceTree = "<group>"; };
		D329767828D0126800BBEDA1 /* ViewRunInfoVC.swift */ = {isa = PBXFileReference; lastKnownFileType = sourcecode.swift; path = ViewRunInfoVC.swift; sourceTree = "<group>"; };
		D38F2A4B28D801FF00CA53B5 /* SettingsVC.swift */ = {isa = PBXFileReference; lastKnownFileType = sourcecode.swift; path = SettingsVC.swift; sourceTree = "<group>"; };
		D38F2A4D28D94B3500CA53B5 /* K.swift */ = {isa = PBXFileReference; lastKnownFileType = sourcecode.swift; path = K.swift; sourceTree = "<group>"; };
		D392D83628AE0454005C830B /* TabBarController.swift */ = {isa = PBXFileReference; lastKnownFileType = sourcecode.swift; path = TabBarController.swift; sourceTree = "<group>"; };
		D392D83928AE0745005C830B /* PastRunsVC.swift */ = {isa = PBXFileReference; lastKnownFileType = sourcecode.swift; path = PastRunsVC.swift; sourceTree = "<group>"; };
		D392D83B28AE0757005C830B /* SharingVC.swift */ = {isa = PBXFileReference; lastKnownFileType = sourcecode.swift; path = SharingVC.swift; sourceTree = "<group>"; };
		D392D83E28B25480005C830B /* AddRunHelpers.swift */ = {isa = PBXFileReference; lastKnownFileType = sourcecode.swift; path = AddRunHelpers.swift; sourceTree = "<group>"; };
		D39EBDEA28B3A5DC00279F40 /* AddRunInfoVC.swift */ = {isa = PBXFileReference; lastKnownFileType = sourcecode.swift; path = AddRunInfoVC.swift; sourceTree = "<group>"; };
		D39EBDEE28B4F9A700279F40 /* AutoKeyboardScrollView.swift */ = {isa = PBXFileReference; lastKnownFileType = sourcecode.swift; path = AutoKeyboardScrollView.swift; sourceTree = "<group>"; };
		D3A95B9028B87A6C00037060 /* Pt2AddRunInfoVC.swift */ = {isa = PBXFileReference; lastKnownFileType = sourcecode.swift; path = Pt2AddRunInfoVC.swift; sourceTree = "<group>"; };
		D3C109E928BE57F900A48C05 /* Pt3AddRunInfoVC.swift */ = {isa = PBXFileReference; lastKnownFileType = sourcecode.swift; path = Pt3AddRunInfoVC.swift; sourceTree = "<group>"; };
		D3CA2EFA28DBF52F00ED207F /* ShoesViewController.swift */ = {isa = PBXFileReference; lastKnownFileType = sourcecode.swift; path = ShoesViewController.swift; sourceTree = "<group>"; };
		D3EA4F0328CD01EB005127B1 /* UnitConversions.swift */ = {isa = PBXFileReference; lastKnownFileType = sourcecode.swift; path = UnitConversions.swift; sourceTree = "<group>"; };
		D3EA4F0528CD08EF005127B1 /* runCell.swift */ = {isa = PBXFileReference; lastKnownFileType = sourcecode.swift; path = runCell.swift; sourceTree = "<group>"; };
		E69CECD1B121434A91D488E4 /* Pods-Running Journal.debug.xcconfig */ = {isa = PBXFileReference; includeInIndex = 1; lastKnownFileType = text.xcconfig; name = "Pods-Running Journal.debug.xcconfig"; path = "Target Support Files/Pods-Running Journal/Pods-Running Journal.debug.xcconfig"; sourceTree = "<group>"; };
		FC18EDD68BFB6CF438A93FDC /* Pods_Running_JournalTests.framework */ = {isa = PBXFileReference; explicitFileType = wrapper.framework; includeInIndex = 0; path = Pods_Running_JournalTests.framework; sourceTree = BUILT_PRODUCTS_DIR; };
/* End PBXFileReference section */

/* Begin PBXFrameworksBuildPhase section */
		D30A1D4528ADF75700DA2692 /* Frameworks */ = {
			isa = PBXFrameworksBuildPhase;
			buildActionMask = 2147483647;
			files = (
				314445DA5BC0CFE61C8A82FB /* Pods_Running_Journal.framework in Frameworks */,
			);
			runOnlyForDeploymentPostprocessing = 0;
		};
		D30A1D5E28ADF76000DA2692 /* Frameworks */ = {
			isa = PBXFrameworksBuildPhase;
			buildActionMask = 2147483647;
			files = (
				E1E8EF44A1FF954909F975B3 /* Pods_Running_JournalTests.framework in Frameworks */,
			);
			runOnlyForDeploymentPostprocessing = 0;
		};
		D30A1D6828ADF76000DA2692 /* Frameworks */ = {
			isa = PBXFrameworksBuildPhase;
			buildActionMask = 2147483647;
			files = (
				CC3B3C109E561D3125ACCB77 /* Pods_Running_Journal_Running_JournalUITests.framework in Frameworks */,
			);
			runOnlyForDeploymentPostprocessing = 0;
		};
/* End PBXFrameworksBuildPhase section */

/* Begin PBXGroup section */
		1951539587C246FE00616C33 /* Pods */ = {
			isa = PBXGroup;
			children = (
				E69CECD1B121434A91D488E4 /* Pods-Running Journal.debug.xcconfig */,
				B3525F58DACB15C3D9EB4E9B /* Pods-Running Journal.release.xcconfig */,
				6132070228DC0FDA1FCEAF9B /* Pods-Running Journal-Running JournalUITests.debug.xcconfig */,
				090C412493A789E2585086C5 /* Pods-Running Journal-Running JournalUITests.release.xcconfig */,
				8A3192F8C2767A74CECFF3D8 /* Pods-Running JournalTests.debug.xcconfig */,
				2BA404AE833031EE9296CCEC /* Pods-Running JournalTests.release.xcconfig */,
			);
			path = Pods;
			sourceTree = "<group>";
		};
		3D2801D83A706E3543F6FA28 /* Frameworks */ = {
			isa = PBXGroup;
			children = (
				7389A95AA705D0D22E90911F /* Pods_Running_Journal.framework */,
				4095CFD6C8B9C7E06D9CD7D9 /* Pods_Running_Journal_Running_JournalUITests.framework */,
				FC18EDD68BFB6CF438A93FDC /* Pods_Running_JournalTests.framework */,
			);
			name = Frameworks;
			sourceTree = "<group>";
		};
		D30A1D3F28ADF75700DA2692 = {
			isa = PBXGroup;
			children = (
				D30A1D4A28ADF75700DA2692 /* Running Journal */,
				D30A1D6428ADF76000DA2692 /* Running JournalTests */,
				D30A1D6E28ADF76000DA2692 /* Running JournalUITests */,
				D30A1D4928ADF75700DA2692 /* Products */,
				1951539587C246FE00616C33 /* Pods */,
				3D2801D83A706E3543F6FA28 /* Frameworks */,
			);
			sourceTree = "<group>";
		};
		D30A1D4928ADF75700DA2692 /* Products */ = {
			isa = PBXGroup;
			children = (
				D30A1D4828ADF75700DA2692 /* Running Journal.app */,
				D30A1D6128ADF76000DA2692 /* Running JournalTests.xctest */,
				D30A1D6B28ADF76000DA2692 /* Running JournalUITests.xctest */,
			);
			name = Products;
			sourceTree = "<group>";
		};
		D30A1D4A28ADF75700DA2692 /* Running Journal */ = {
			isa = PBXGroup;
			children = (
				D3EA4F0228CD01C9005127B1 /* Views */,
				D392D83D28B2546C005C830B /* Model */,
				D392D83828AE0706005C830B /* Controllers */,
				D39EBDEE28B4F9A700279F40 /* AutoKeyboardScrollView.swift */,
				D30A1D4B28ADF75700DA2692 /* AppDelegate.swift */,
				D30A1D4D28ADF75700DA2692 /* SceneDelegate.swift */,
				D30A1D5728ADF75F00DA2692 /* Assets.xcassets */,
				D30A1D5928ADF75F00DA2692 /* LaunchScreen.storyboard */,
				D30A1D5C28ADF75F00DA2692 /* Info.plist */,
				D30A1D5428ADF75700DA2692 /* Running_Journal.xcdatamodeld */,
				D38F2A4D28D94B3500CA53B5 /* K.swift */,
			);
			path = "Running Journal";
			sourceTree = "<group>";
		};
		D30A1D6428ADF76000DA2692 /* Running JournalTests */ = {
			isa = PBXGroup;
			children = (
				D30A1D6528ADF76000DA2692 /* Running_JournalTests.swift */,
			);
			path = "Running JournalTests";
			sourceTree = "<group>";
		};
		D30A1D6E28ADF76000DA2692 /* Running JournalUITests */ = {
			isa = PBXGroup;
			children = (
				D30A1D6F28ADF76000DA2692 /* Running_JournalUITests.swift */,
				D30A1D7128ADF76000DA2692 /* Running_JournalUITestsLaunchTests.swift */,
			);
			path = "Running JournalUITests";
			sourceTree = "<group>";
		};
		D392D83828AE0706005C830B /* Controllers */ = {
			isa = PBXGroup;
			children = (
				D392D83628AE0454005C830B /* TabBarController.swift */,
				D30A1D8228AE01A200DA2692 /* NotificationsVC.swift */,
				D392D83928AE0745005C830B /* PastRunsVC.swift */,
				D392D83B28AE0757005C830B /* SharingVC.swift */,
				D39EBDEA28B3A5DC00279F40 /* AddRunInfoVC.swift */,
				D3A95B9028B87A6C00037060 /* Pt2AddRunInfoVC.swift */,
				D3C109E928BE57F900A48C05 /* Pt3AddRunInfoVC.swift */,
				D329767828D0126800BBEDA1 /* ViewRunInfoVC.swift */,
				D38F2A4B28D801FF00CA53B5 /* SettingsVC.swift */,
				D3CA2EFA28DBF52F00ED207F /* ShoesViewController.swift */,
			);
			path = Controllers;
			sourceTree = "<group>";
		};
		D392D83D28B2546C005C830B /* Model */ = {
			isa = PBXGroup;
			children = (
				D392D83E28B25480005C830B /* AddRunHelpers.swift */,
				D3EA4F0328CD01EB005127B1 /* UnitConversions.swift */,
			);
			path = Model;
			sourceTree = "<group>";
		};
		D3EA4F0228CD01C9005127B1 /* Views */ = {
			isa = PBXGroup;
			children = (
				D30A1D5128ADF75700DA2692 /* Main.storyboard */,
				D3EA4F0528CD08EF005127B1 /* runCell.swift */,
			);
			path = Views;
			sourceTree = "<group>";
		};
/* End PBXGroup section */

/* Begin PBXNativeTarget section */
		D30A1D4728ADF75700DA2692 /* Running Journal */ = {
			isa = PBXNativeTarget;
			buildConfigurationList = D30A1D7528ADF76000DA2692 /* Build configuration list for PBXNativeTarget "Running Journal" */;
			buildPhases = (
				938AD033FD28C048EEB038DE /* [CP] Check Pods Manifest.lock */,
				D30A1D4428ADF75700DA2692 /* Sources */,
				D30A1D4528ADF75700DA2692 /* Frameworks */,
				D30A1D4628ADF75700DA2692 /* Resources */,
				42DACC8B2769C0B7D3A0D057 /* [CP] Embed Pods Frameworks */,
			);
			buildRules = (
			);
			dependencies = (
			);
			name = "Running Journal";
			productName = "Running Journal";
			productReference = D30A1D4828ADF75700DA2692 /* Running Journal.app */;
			productType = "com.apple.product-type.application";
		};
		D30A1D6028ADF76000DA2692 /* Running JournalTests */ = {
			isa = PBXNativeTarget;
			buildConfigurationList = D30A1D7828ADF76000DA2692 /* Build configuration list for PBXNativeTarget "Running JournalTests" */;
			buildPhases = (
				451485C6A545EA5FB49700AE /* [CP] Check Pods Manifest.lock */,
				D30A1D5D28ADF76000DA2692 /* Sources */,
				D30A1D5E28ADF76000DA2692 /* Frameworks */,
				D30A1D5F28ADF76000DA2692 /* Resources */,
			);
			buildRules = (
			);
			dependencies = (
				D30A1D6328ADF76000DA2692 /* PBXTargetDependency */,
			);
			name = "Running JournalTests";
			productName = "Running JournalTests";
			productReference = D30A1D6128ADF76000DA2692 /* Running JournalTests.xctest */;
			productType = "com.apple.product-type.bundle.unit-test";
		};
		D30A1D6A28ADF76000DA2692 /* Running JournalUITests */ = {
			isa = PBXNativeTarget;
			buildConfigurationList = D30A1D7B28ADF76000DA2692 /* Build configuration list for PBXNativeTarget "Running JournalUITests" */;
			buildPhases = (
				12ED31524A5741C551F209CF /* [CP] Check Pods Manifest.lock */,
				D30A1D6728ADF76000DA2692 /* Sources */,
				D30A1D6828ADF76000DA2692 /* Frameworks */,
				D30A1D6928ADF76000DA2692 /* Resources */,
				3C5F7E8EB620B9BD55CA834C /* [CP] Embed Pods Frameworks */,
			);
			buildRules = (
			);
			dependencies = (
				D30A1D6D28ADF76000DA2692 /* PBXTargetDependency */,
			);
			name = "Running JournalUITests";
			productName = "Running JournalUITests";
			productReference = D30A1D6B28ADF76000DA2692 /* Running JournalUITests.xctest */;
			productType = "com.apple.product-type.bundle.ui-testing";
		};
/* End PBXNativeTarget section */

/* Begin PBXProject section */
		D30A1D4028ADF75700DA2692 /* Project object */ = {
			isa = PBXProject;
			attributes = {
				BuildIndependentTargetsInParallel = 1;
				LastSwiftUpdateCheck = 1340;
				LastUpgradeCheck = 1340;
				TargetAttributes = {
					D30A1D4728ADF75700DA2692 = {
						CreatedOnToolsVersion = 13.4.1;
					};
					D30A1D6028ADF76000DA2692 = {
						CreatedOnToolsVersion = 13.4.1;
						TestTargetID = D30A1D4728ADF75700DA2692;
					};
					D30A1D6A28ADF76000DA2692 = {
						CreatedOnToolsVersion = 13.4.1;
						TestTargetID = D30A1D4728ADF75700DA2692;
					};
				};
			};
			buildConfigurationList = D30A1D4328ADF75700DA2692 /* Build configuration list for PBXProject "Running Journal" */;
			compatibilityVersion = "Xcode 13.0";
			developmentRegion = en;
			hasScannedForEncodings = 0;
			knownRegions = (
				en,
				Base,
			);
			mainGroup = D30A1D3F28ADF75700DA2692;
			productRefGroup = D30A1D4928ADF75700DA2692 /* Products */;
			projectDirPath = "";
			projectRoot = "";
			targets = (
				D30A1D4728ADF75700DA2692 /* Running Journal */,
				D30A1D6028ADF76000DA2692 /* Running JournalTests */,
				D30A1D6A28ADF76000DA2692 /* Running JournalUITests */,
			);
		};
/* End PBXProject section */

/* Begin PBXResourcesBuildPhase section */
		D30A1D4628ADF75700DA2692 /* Resources */ = {
			isa = PBXResourcesBuildPhase;
			buildActionMask = 2147483647;
			files = (
				D30A1D5B28ADF75F00DA2692 /* LaunchScreen.storyboard in Resources */,
				D30A1D5828ADF75F00DA2692 /* Assets.xcassets in Resources */,
				D30A1D5328ADF75700DA2692 /* Main.storyboard in Resources */,
			);
			runOnlyForDeploymentPostprocessing = 0;
		};
		D30A1D5F28ADF76000DA2692 /* Resources */ = {
			isa = PBXResourcesBuildPhase;
			buildActionMask = 2147483647;
			files = (
			);
			runOnlyForDeploymentPostprocessing = 0;
		};
		D30A1D6928ADF76000DA2692 /* Resources */ = {
			isa = PBXResourcesBuildPhase;
			buildActionMask = 2147483647;
			files = (
			);
			runOnlyForDeploymentPostprocessing = 0;
		};
/* End PBXResourcesBuildPhase section */

/* Begin PBXShellScriptBuildPhase section */
		12ED31524A5741C551F209CF /* [CP] Check Pods Manifest.lock */ = {
			isa = PBXShellScriptBuildPhase;
			buildActionMask = 2147483647;
			files = (
			);
			inputFileListPaths = (
			);
			inputPaths = (
				"${PODS_PODFILE_DIR_PATH}/Podfile.lock",
				"${PODS_ROOT}/Manifest.lock",
			);
			name = "[CP] Check Pods Manifest.lock";
			outputFileListPaths = (
			);
			outputPaths = (
				"$(DERIVED_FILE_DIR)/Pods-Running Journal-Running JournalUITests-checkManifestLockResult.txt",
			);
			runOnlyForDeploymentPostprocessing = 0;
			shellPath = /bin/sh;
			shellScript = "diff \"${PODS_PODFILE_DIR_PATH}/Podfile.lock\" \"${PODS_ROOT}/Manifest.lock\" > /dev/null\nif [ $? != 0 ] ; then\n    # print error to STDERR\n    echo \"error: The sandbox is not in sync with the Podfile.lock. Run 'pod install' or update your CocoaPods installation.\" >&2\n    exit 1\nfi\n# This output is used by Xcode 'outputs' to avoid re-running this script phase.\necho \"SUCCESS\" > \"${SCRIPT_OUTPUT_FILE_0}\"\n";
			showEnvVarsInLog = 0;
		};
		3C5F7E8EB620B9BD55CA834C /* [CP] Embed Pods Frameworks */ = {
			isa = PBXShellScriptBuildPhase;
			buildActionMask = 2147483647;
			files = (
			);
			inputFileListPaths = (
				"${PODS_ROOT}/Target Support Files/Pods-Running Journal-Running JournalUITests/Pods-Running Journal-Running JournalUITests-frameworks-${CONFIGURATION}-input-files.xcfilelist",
			);
			name = "[CP] Embed Pods Frameworks";
			outputFileListPaths = (
				"${PODS_ROOT}/Target Support Files/Pods-Running Journal-Running JournalUITests/Pods-Running Journal-Running JournalUITests-frameworks-${CONFIGURATION}-output-files.xcfilelist",
			);
			runOnlyForDeploymentPostprocessing = 0;
			shellPath = /bin/sh;
			shellScript = "\"${PODS_ROOT}/Target Support Files/Pods-Running Journal-Running JournalUITests/Pods-Running Journal-Running JournalUITests-frameworks.sh\"\n";
			showEnvVarsInLog = 0;
		};
		42DACC8B2769C0B7D3A0D057 /* [CP] Embed Pods Frameworks */ = {
			isa = PBXShellScriptBuildPhase;
			buildActionMask = 2147483647;
			files = (
			);
			inputFileListPaths = (
				"${PODS_ROOT}/Target Support Files/Pods-Running Journal/Pods-Running Journal-frameworks-${CONFIGURATION}-input-files.xcfilelist",
			);
			name = "[CP] Embed Pods Frameworks";
			outputFileListPaths = (
				"${PODS_ROOT}/Target Support Files/Pods-Running Journal/Pods-Running Journal-frameworks-${CONFIGURATION}-output-files.xcfilelist",
			);
			runOnlyForDeploymentPostprocessing = 0;
			shellPath = /bin/sh;
			shellScript = "\"${PODS_ROOT}/Target Support Files/Pods-Running Journal/Pods-Running Journal-frameworks.sh\"\n";
			showEnvVarsInLog = 0;
		};
		451485C6A545EA5FB49700AE /* [CP] Check Pods Manifest.lock */ = {
			isa = PBXShellScriptBuildPhase;
			buildActionMask = 2147483647;
			files = (
			);
			inputFileListPaths = (
			);
			inputPaths = (
				"${PODS_PODFILE_DIR_PATH}/Podfile.lock",
				"${PODS_ROOT}/Manifest.lock",
			);
			name = "[CP] Check Pods Manifest.lock";
			outputFileListPaths = (
			);
			outputPaths = (
				"$(DERIVED_FILE_DIR)/Pods-Running JournalTests-checkManifestLockResult.txt",
			);
			runOnlyForDeploymentPostprocessing = 0;
			shellPath = /bin/sh;
			shellScript = "diff \"${PODS_PODFILE_DIR_PATH}/Podfile.lock\" \"${PODS_ROOT}/Manifest.lock\" > /dev/null\nif [ $? != 0 ] ; then\n    # print error to STDERR\n    echo \"error: The sandbox is not in sync with the Podfile.lock. Run 'pod install' or update your CocoaPods installation.\" >&2\n    exit 1\nfi\n# This output is used by Xcode 'outputs' to avoid re-running this script phase.\necho \"SUCCESS\" > \"${SCRIPT_OUTPUT_FILE_0}\"\n";
			showEnvVarsInLog = 0;
		};
		938AD033FD28C048EEB038DE /* [CP] Check Pods Manifest.lock */ = {
			isa = PBXShellScriptBuildPhase;
			buildActionMask = 2147483647;
			files = (
			);
			inputFileListPaths = (
			);
			inputPaths = (
				"${PODS_PODFILE_DIR_PATH}/Podfile.lock",
				"${PODS_ROOT}/Manifest.lock",
			);
			name = "[CP] Check Pods Manifest.lock";
			outputFileListPaths = (
			);
			outputPaths = (
				"$(DERIVED_FILE_DIR)/Pods-Running Journal-checkManifestLockResult.txt",
			);
			runOnlyForDeploymentPostprocessing = 0;
			shellPath = /bin/sh;
			shellScript = "diff \"${PODS_PODFILE_DIR_PATH}/Podfile.lock\" \"${PODS_ROOT}/Manifest.lock\" > /dev/null\nif [ $? != 0 ] ; then\n    # print error to STDERR\n    echo \"error: The sandbox is not in sync with the Podfile.lock. Run 'pod install' or update your CocoaPods installation.\" >&2\n    exit 1\nfi\n# This output is used by Xcode 'outputs' to avoid re-running this script phase.\necho \"SUCCESS\" > \"${SCRIPT_OUTPUT_FILE_0}\"\n";
			showEnvVarsInLog = 0;
		};
/* End PBXShellScriptBuildPhase section */

/* Begin PBXSourcesBuildPhase section */
		D30A1D4428ADF75700DA2692 /* Sources */ = {
			isa = PBXSourcesBuildPhase;
			buildActionMask = 2147483647;
			files = (
				D329767928D0126800BBEDA1 /* ViewRunInfoVC.swift in Sources */,
				D30A1D8328AE01A200DA2692 /* NotificationsVC.swift in Sources */,
				D30A1D4C28ADF75700DA2692 /* AppDelegate.swift in Sources */,
				D38F2A4E28D94B3600CA53B5 /* K.swift in Sources */,
				D392D83728AE0454005C830B /* TabBarController.swift in Sources */,
				D39EBDEF28B4F9A800279F40 /* AutoKeyboardScrollView.swift in Sources */,
				D38F2A4C28D801FF00CA53B5 /* SettingsVC.swift in Sources */,
				D30A1D4E28ADF75700DA2692 /* SceneDelegate.swift in Sources */,
				D39EBDEB28B3A5DC00279F40 /* AddRunInfoVC.swift in Sources */,
				D3CA2EFB28DBF53000ED207F /* ShoesViewController.swift in Sources */,
				D3C109EA28BE57F900A48C05 /* Pt3AddRunInfoVC.swift in Sources */,
				D392D83C28AE0757005C830B /* SharingVC.swift in Sources */,
				D392D83A28AE0745005C830B /* PastRunsVC.swift in Sources */,
				D30A1D5628ADF75700DA2692 /* Running_Journal.xcdatamodeld in Sources */,
				D3EA4F0428CD01EB005127B1 /* UnitConversions.swift in Sources */,
				D3EA4F0628CD08F0005127B1 /* runCell.swift in Sources */,
				D392D83F28B25480005C830B /* AddRunHelpers.swift in Sources */,
				D3A95B9128B87A6C00037060 /* Pt2AddRunInfoVC.swift in Sources */,
			);
			runOnlyForDeploymentPostprocessing = 0;
		};
		D30A1D5D28ADF76000DA2692 /* Sources */ = {
			isa = PBXSourcesBuildPhase;
			buildActionMask = 2147483647;
			files = (
				D30A1D6628ADF76000DA2692 /* Running_JournalTests.swift in Sources */,
			);
			runOnlyForDeploymentPostprocessing = 0;
		};
		D30A1D6728ADF76000DA2692 /* Sources */ = {
			isa = PBXSourcesBuildPhase;
			buildActionMask = 2147483647;
			files = (
				D30A1D7228ADF76000DA2692 /* Running_JournalUITestsLaunchTests.swift in Sources */,
				D30A1D7028ADF76000DA2692 /* Running_JournalUITests.swift in Sources */,
			);
			runOnlyForDeploymentPostprocessing = 0;
		};
/* End PBXSourcesBuildPhase section */

/* Begin PBXTargetDependency section */
		D30A1D6328ADF76000DA2692 /* PBXTargetDependency */ = {
			isa = PBXTargetDependency;
			target = D30A1D4728ADF75700DA2692 /* Running Journal */;
			targetProxy = D30A1D6228ADF76000DA2692 /* PBXContainerItemProxy */;
		};
		D30A1D6D28ADF76000DA2692 /* PBXTargetDependency */ = {
			isa = PBXTargetDependency;
			target = D30A1D4728ADF75700DA2692 /* Running Journal */;
			targetProxy = D30A1D6C28ADF76000DA2692 /* PBXContainerItemProxy */;
		};
/* End PBXTargetDependency section */

/* Begin PBXVariantGroup section */
		D30A1D5128ADF75700DA2692 /* Main.storyboard */ = {
			isa = PBXVariantGroup;
			children = (
				D30A1D5228ADF75700DA2692 /* Base */,
			);
			name = Main.storyboard;
			sourceTree = "<group>";
		};
		D30A1D5928ADF75F00DA2692 /* LaunchScreen.storyboard */ = {
			isa = PBXVariantGroup;
			children = (
				D30A1D5A28ADF75F00DA2692 /* Base */,
			);
			name = LaunchScreen.storyboard;
			sourceTree = "<group>";
		};
/* End PBXVariantGroup section */

/* Begin XCBuildConfiguration section */
		D30A1D7328ADF76000DA2692 /* Debug */ = {
			isa = XCBuildConfiguration;
			buildSettings = {
				ALWAYS_SEARCH_USER_PATHS = NO;
				CLANG_ANALYZER_NONNULL = YES;
				CLANG_ANALYZER_NUMBER_OBJECT_CONVERSION = YES_AGGRESSIVE;
				CLANG_CXX_LANGUAGE_STANDARD = "gnu++17";
				CLANG_ENABLE_MODULES = YES;
				CLANG_ENABLE_OBJC_ARC = YES;
				CLANG_ENABLE_OBJC_WEAK = YES;
				CLANG_WARN_BLOCK_CAPTURE_AUTORELEASING = YES;
				CLANG_WARN_BOOL_CONVERSION = YES;
				CLANG_WARN_COMMA = YES;
				CLANG_WARN_CONSTANT_CONVERSION = YES;
				CLANG_WARN_DEPRECATED_OBJC_IMPLEMENTATIONS = YES;
				CLANG_WARN_DIRECT_OBJC_ISA_USAGE = YES_ERROR;
				CLANG_WARN_DOCUMENTATION_COMMENTS = YES;
				CLANG_WARN_EMPTY_BODY = YES;
				CLANG_WARN_ENUM_CONVERSION = YES;
				CLANG_WARN_INFINITE_RECURSION = YES;
				CLANG_WARN_INT_CONVERSION = YES;
				CLANG_WARN_NON_LITERAL_NULL_CONVERSION = YES;
				CLANG_WARN_OBJC_IMPLICIT_RETAIN_SELF = YES;
				CLANG_WARN_OBJC_LITERAL_CONVERSION = YES;
				CLANG_WARN_OBJC_ROOT_CLASS = YES_ERROR;
				CLANG_WARN_QUOTED_INCLUDE_IN_FRAMEWORK_HEADER = YES;
				CLANG_WARN_RANGE_LOOP_ANALYSIS = YES;
				CLANG_WARN_STRICT_PROTOTYPES = YES;
				CLANG_WARN_SUSPICIOUS_MOVE = YES;
				CLANG_WARN_UNGUARDED_AVAILABILITY = YES_AGGRESSIVE;
				CLANG_WARN_UNREACHABLE_CODE = YES;
				CLANG_WARN__DUPLICATE_METHOD_MATCH = YES;
				COPY_PHASE_STRIP = NO;
				DEBUG_INFORMATION_FORMAT = dwarf;
				ENABLE_STRICT_OBJC_MSGSEND = YES;
				ENABLE_TESTABILITY = YES;
				GCC_C_LANGUAGE_STANDARD = gnu11;
				GCC_DYNAMIC_NO_PIC = NO;
				GCC_NO_COMMON_BLOCKS = YES;
				GCC_OPTIMIZATION_LEVEL = 0;
				GCC_PREPROCESSOR_DEFINITIONS = (
					"DEBUG=1",
					"$(inherited)",
				);
				GCC_WARN_64_TO_32_BIT_CONVERSION = YES;
				GCC_WARN_ABOUT_RETURN_TYPE = YES_ERROR;
				GCC_WARN_UNDECLARED_SELECTOR = YES;
				GCC_WARN_UNINITIALIZED_AUTOS = YES_AGGRESSIVE;
				GCC_WARN_UNUSED_FUNCTION = YES;
				GCC_WARN_UNUSED_VARIABLE = YES;
				IPHONEOS_DEPLOYMENT_TARGET = 15.5;
				MTL_ENABLE_DEBUG_INFO = INCLUDE_SOURCE;
				MTL_FAST_MATH = YES;
				ONLY_ACTIVE_ARCH = YES;
				SDKROOT = iphoneos;
				SWIFT_ACTIVE_COMPILATION_CONDITIONS = DEBUG;
				SWIFT_OPTIMIZATION_LEVEL = "-Onone";
			};
			name = Debug;
		};
		D30A1D7428ADF76000DA2692 /* Release */ = {
			isa = XCBuildConfiguration;
			buildSettings = {
				ALWAYS_SEARCH_USER_PATHS = NO;
				CLANG_ANALYZER_NONNULL = YES;
				CLANG_ANALYZER_NUMBER_OBJECT_CONVERSION = YES_AGGRESSIVE;
				CLANG_CXX_LANGUAGE_STANDARD = "gnu++17";
				CLANG_ENABLE_MODULES = YES;
				CLANG_ENABLE_OBJC_ARC = YES;
				CLANG_ENABLE_OBJC_WEAK = YES;
				CLANG_WARN_BLOCK_CAPTURE_AUTORELEASING = YES;
				CLANG_WARN_BOOL_CONVERSION = YES;
				CLANG_WARN_COMMA = YES;
				CLANG_WARN_CONSTANT_CONVERSION = YES;
				CLANG_WARN_DEPRECATED_OBJC_IMPLEMENTATIONS = YES;
				CLANG_WARN_DIRECT_OBJC_ISA_USAGE = YES_ERROR;
				CLANG_WARN_DOCUMENTATION_COMMENTS = YES;
				CLANG_WARN_EMPTY_BODY = YES;
				CLANG_WARN_ENUM_CONVERSION = YES;
				CLANG_WARN_INFINITE_RECURSION = YES;
				CLANG_WARN_INT_CONVERSION = YES;
				CLANG_WARN_NON_LITERAL_NULL_CONVERSION = YES;
				CLANG_WARN_OBJC_IMPLICIT_RETAIN_SELF = YES;
				CLANG_WARN_OBJC_LITERAL_CONVERSION = YES;
				CLANG_WARN_OBJC_ROOT_CLASS = YES_ERROR;
				CLANG_WARN_QUOTED_INCLUDE_IN_FRAMEWORK_HEADER = YES;
				CLANG_WARN_RANGE_LOOP_ANALYSIS = YES;
				CLANG_WARN_STRICT_PROTOTYPES = YES;
				CLANG_WARN_SUSPICIOUS_MOVE = YES;
				CLANG_WARN_UNGUARDED_AVAILABILITY = YES_AGGRESSIVE;
				CLANG_WARN_UNREACHABLE_CODE = YES;
				CLANG_WARN__DUPLICATE_METHOD_MATCH = YES;
				COPY_PHASE_STRIP = NO;
				DEBUG_INFORMATION_FORMAT = "dwarf-with-dsym";
				ENABLE_NS_ASSERTIONS = NO;
				ENABLE_STRICT_OBJC_MSGSEND = YES;
				GCC_C_LANGUAGE_STANDARD = gnu11;
				GCC_NO_COMMON_BLOCKS = YES;
				GCC_WARN_64_TO_32_BIT_CONVERSION = YES;
				GCC_WARN_ABOUT_RETURN_TYPE = YES_ERROR;
				GCC_WARN_UNDECLARED_SELECTOR = YES;
				GCC_WARN_UNINITIALIZED_AUTOS = YES_AGGRESSIVE;
				GCC_WARN_UNUSED_FUNCTION = YES;
				GCC_WARN_UNUSED_VARIABLE = YES;
				IPHONEOS_DEPLOYMENT_TARGET = 15.5;
				MTL_ENABLE_DEBUG_INFO = NO;
				MTL_FAST_MATH = YES;
				SDKROOT = iphoneos;
				SWIFT_COMPILATION_MODE = wholemodule;
				SWIFT_OPTIMIZATION_LEVEL = "-O";
				VALIDATE_PRODUCT = YES;
			};
			name = Release;
		};
		D30A1D7628ADF76000DA2692 /* Debug */ = {
			isa = XCBuildConfiguration;
			baseConfigurationReference = E69CECD1B121434A91D488E4 /* Pods-Running Journal.debug.xcconfig */;
			buildSettings = {
				ASSETCATALOG_COMPILER_APPICON_NAME = AppIcon;
				ASSETCATALOG_COMPILER_GLOBAL_ACCENT_COLOR_NAME = AccentColor;
				CODE_SIGN_STYLE = Automatic;
				CURRENT_PROJECT_VERSION = 1;
				DEVELOPMENT_TEAM = N4CBLKZ9SJ;
				GENERATE_INFOPLIST_FILE = YES;
				INFOPLIST_FILE = "Running Journal/Info.plist";
				INFOPLIST_KEY_UIApplicationSupportsIndirectInputEvents = YES;
				INFOPLIST_KEY_UILaunchStoryboardName = LaunchScreen;
				INFOPLIST_KEY_UIMainStoryboardFile = Main;
				INFOPLIST_KEY_UISupportedInterfaceOrientations = UIInterfaceOrientationPortrait;
				INFOPLIST_KEY_UISupportedInterfaceOrientations_iPad = UIInterfaceOrientationPortrait;
				INFOPLIST_KEY_UISupportedInterfaceOrientations_iPhone = UIInterfaceOrientationPortrait;
				LD_RUNPATH_SEARCH_PATHS = (
					"$(inherited)",
					"@executable_path/Frameworks",
				);
				MARKETING_VERSION = 1.0;
				PRODUCT_BUNDLE_IDENTIFIER = "fefl.Running-Journal";
				PRODUCT_NAME = "$(TARGET_NAME)";
				SWIFT_EMIT_LOC_STRINGS = YES;
				SWIFT_VERSION = 5.0;
				TARGETED_DEVICE_FAMILY = 1;
			};
			name = Debug;
		};
		D30A1D7728ADF76000DA2692 /* Release */ = {
			isa = XCBuildConfiguration;
			baseConfigurationReference = B3525F58DACB15C3D9EB4E9B /* Pods-Running Journal.release.xcconfig */;
			buildSettings = {
				ASSETCATALOG_COMPILER_APPICON_NAME = AppIcon;
				ASSETCATALOG_COMPILER_GLOBAL_ACCENT_COLOR_NAME = AccentColor;
				CODE_SIGN_STYLE = Automatic;
				CURRENT_PROJECT_VERSION = 1;
				DEVELOPMENT_TEAM = N4CBLKZ9SJ;
				GENERATE_INFOPLIST_FILE = YES;
				INFOPLIST_FILE = "Running Journal/Info.plist";
				INFOPLIST_KEY_UIApplicationSupportsIndirectInputEvents = YES;
				INFOPLIST_KEY_UILaunchStoryboardName = LaunchScreen;
				INFOPLIST_KEY_UIMainStoryboardFile = Main;
				INFOPLIST_KEY_UISupportedInterfaceOrientations = UIInterfaceOrientationPortrait;
				INFOPLIST_KEY_UISupportedInterfaceOrientations_iPad = UIInterfaceOrientationPortrait;
				INFOPLIST_KEY_UISupportedInterfaceOrientations_iPhone = UIInterfaceOrientationPortrait;
				LD_RUNPATH_SEARCH_PATHS = (
					"$(inherited)",
					"@executable_path/Frameworks",
				);
				MARKETING_VERSION = 1.0;
				PRODUCT_BUNDLE_IDENTIFIER = "fefl.Running-Journal";
				PRODUCT_NAME = "$(TARGET_NAME)";
				SWIFT_EMIT_LOC_STRINGS = YES;
				SWIFT_VERSION = 5.0;
				TARGETED_DEVICE_FAMILY = 1;
			};
			name = Release;
		};
		D30A1D7928ADF76000DA2692 /* Debug */ = {
			isa = XCBuildConfiguration;
			baseConfigurationReference = 8A3192F8C2767A74CECFF3D8 /* Pods-Running JournalTests.debug.xcconfig */;
			buildSettings = {
				ALWAYS_EMBED_SWIFT_STANDARD_LIBRARIES = YES;
				BUNDLE_LOADER = "$(TEST_HOST)";
				CODE_SIGN_STYLE = Automatic;
				CURRENT_PROJECT_VERSION = 1;
				DEVELOPMENT_TEAM = N4CBLKZ9SJ;
				GENERATE_INFOPLIST_FILE = YES;
				IPHONEOS_DEPLOYMENT_TARGET = 15.5;
				MARKETING_VERSION = 1.0;
				PRODUCT_BUNDLE_IDENTIFIER = "fefl.Running-JournalTests";
				PRODUCT_NAME = "$(TARGET_NAME)";
				SWIFT_EMIT_LOC_STRINGS = NO;
				SWIFT_VERSION = 5.0;
				TARGETED_DEVICE_FAMILY = "1,2";
				TEST_HOST = "$(BUILT_PRODUCTS_DIR)/Running Journal.app/Running Journal";
			};
			name = Debug;
		};
		D30A1D7A28ADF76000DA2692 /* Release */ = {
			isa = XCBuildConfiguration;
			baseConfigurationReference = 2BA404AE833031EE9296CCEC /* Pods-Running JournalTests.release.xcconfig */;
			buildSettings = {
				ALWAYS_EMBED_SWIFT_STANDARD_LIBRARIES = YES;
				BUNDLE_LOADER = "$(TEST_HOST)";
				CODE_SIGN_STYLE = Automatic;
				CURRENT_PROJECT_VERSION = 1;
				DEVELOPMENT_TEAM = N4CBLKZ9SJ;
				GENERATE_INFOPLIST_FILE = YES;
				IPHONEOS_DEPLOYMENT_TARGET = 15.5;
				MARKETING_VERSION = 1.0;
				PRODUCT_BUNDLE_IDENTIFIER = "fefl.Running-JournalTests";
				PRODUCT_NAME = "$(TARGET_NAME)";
				SWIFT_EMIT_LOC_STRINGS = NO;
				SWIFT_VERSION = 5.0;
				TARGETED_DEVICE_FAMILY = "1,2";
				TEST_HOST = "$(BUILT_PRODUCTS_DIR)/Running Journal.app/Running Journal";
			};
			name = Release;
		};
		D30A1D7C28ADF76000DA2692 /* Debug */ = {
			isa = XCBuildConfiguration;
			baseConfigurationReference = 6132070228DC0FDA1FCEAF9B /* Pods-Running Journal-Running JournalUITests.debug.xcconfig */;
			buildSettings = {
				ALWAYS_EMBED_SWIFT_STANDARD_LIBRARIES = YES;
				CODE_SIGN_STYLE = Automatic;
				CURRENT_PROJECT_VERSION = 1;
				DEVELOPMENT_TEAM = N4CBLKZ9SJ;
				GENERATE_INFOPLIST_FILE = YES;
				MARKETING_VERSION = 1.0;
				PRODUCT_BUNDLE_IDENTIFIER = "fefl.Running-JournalUITests";
				PRODUCT_NAME = "$(TARGET_NAME)";
				SWIFT_EMIT_LOC_STRINGS = NO;
				SWIFT_VERSION = 5.0;
				TARGETED_DEVICE_FAMILY = "1,2";
				TEST_TARGET_NAME = "Running Journal";
			};
			name = Debug;
		};
		D30A1D7D28ADF76000DA2692 /* Release */ = {
			isa = XCBuildConfiguration;
			baseConfigurationReference = 090C412493A789E2585086C5 /* Pods-Running Journal-Running JournalUITests.release.xcconfig */;
			buildSettings = {
				ALWAYS_EMBED_SWIFT_STANDARD_LIBRARIES = YES;
				CODE_SIGN_STYLE = Automatic;
				CURRENT_PROJECT_VERSION = 1;
				DEVELOPMENT_TEAM = N4CBLKZ9SJ;
				GENERATE_INFOPLIST_FILE = YES;
				MARKETING_VERSION = 1.0;
				PRODUCT_BUNDLE_IDENTIFIER = "fefl.Running-JournalUITests";
				PRODUCT_NAME = "$(TARGET_NAME)";
				SWIFT_EMIT_LOC_STRINGS = NO;
				SWIFT_VERSION = 5.0;
				TARGETED_DEVICE_FAMILY = "1,2";
				TEST_TARGET_NAME = "Running Journal";
			};
			name = Release;
		};
/* End XCBuildConfiguration section */

/* Begin XCConfigurationList section */
		D30A1D4328ADF75700DA2692 /* Build configuration list for PBXProject "Running Journal" */ = {
			isa = XCConfigurationList;
			buildConfigurations = (
				D30A1D7328ADF76000DA2692 /* Debug */,
				D30A1D7428ADF76000DA2692 /* Release */,
			);
			defaultConfigurationIsVisible = 0;
			defaultConfigurationName = Release;
		};
		D30A1D7528ADF76000DA2692 /* Build configuration list for PBXNativeTarget "Running Journal" */ = {
			isa = XCConfigurationList;
			buildConfigurations = (
				D30A1D7628ADF76000DA2692 /* Debug */,
				D30A1D7728ADF76000DA2692 /* Release */,
			);
			defaultConfigurationIsVisible = 0;
			defaultConfigurationName = Release;
		};
		D30A1D7828ADF76000DA2692 /* Build configuration list for PBXNativeTarget "Running JournalTests" */ = {
			isa = XCConfigurationList;
			buildConfigurations = (
				D30A1D7928ADF76000DA2692 /* Debug */,
				D30A1D7A28ADF76000DA2692 /* Release */,
			);
			defaultConfigurationIsVisible = 0;
			defaultConfigurationName = Release;
		};
		D30A1D7B28ADF76000DA2692 /* Build configuration list for PBXNativeTarget "Running JournalUITests" */ = {
			isa = XCConfigurationList;
			buildConfigurations = (
				D30A1D7C28ADF76000DA2692 /* Debug */,
				D30A1D7D28ADF76000DA2692 /* Release */,
			);
			defaultConfigurationIsVisible = 0;
			defaultConfigurationName = Release;
		};
/* End XCConfigurationList section */

/* Begin XCVersionGroup section */
		D30A1D5428ADF75700DA2692 /* Running_Journal.xcdatamodeld */ = {
			isa = XCVersionGroup;
			children = (
				D30A1D5528ADF75700DA2692 /* Running_Journal.xcdatamodel */,
			);
			currentVersion = D30A1D5528ADF75700DA2692 /* Running_Journal.xcdatamodel */;
			path = Running_Journal.xcdatamodeld;
			sourceTree = "<group>";
			versionGroupType = wrapper.xcdatamodel;
		};
/* End XCVersionGroup section */
	};
	rootObject = D30A1D4028ADF75700DA2692 /* Project object */;
}
